
Microsoft Visual Studio Solution File, Format Version 12.00
# Visual Studio Version 17
VisualStudioVersion = 17.5.33424.131
MinimumVisualStudioVersion = 10.0.40219.1
Project("{FAE04EC0-301F-11D3-BF4B-00C04F79EFBC}") = "RedbrowAPI", "RedbrowAPI\RedbrowAPI.csproj", "{7CE76559-71E7-4750-AA4D-D2744F1E87BB}"
EndProject
Global
	GlobalSection(SolutionConfigurationPlatforms) = preSolution
		Debug|Any CPU = Debug|Any CPU
		Release|Any CPU = Release|Any CPU
	EndGlobalSection
	GlobalSection(ProjectConfigurationPlatforms) = postSolution
		{7CE76559-71E7-4750-AA4D-D2744F1E87BB}.Debug|Any CPU.ActiveCfg = Debug|Any CPU
		{7CE76559-71E7-4750-AA4D-D2744F1E87BB}.Debug|Any CPU.Build.0 = Debug|Any CPU
		{7CE76559-71E7-4750-AA4D-D2744F1E87BB}.Release|Any CPU.ActiveCfg = Release|Any CPU
		{7CE76559-71E7-4750-AA4D-D2744F1E87BB}.Release|Any CPU.Build.0 = Release|Any CPU
	EndGlobalSection
	GlobalSection(SolutionProperties) = preSolution
		HideSolutionNode = FALSE
	EndGlobalSection
	GlobalSection(ExtensibilityGlobals) = postSolution
		SolutionGuid = {70B0C590-EEB3-455F-A094-EEB7390C015A}
	EndGlobalSection
EndGlobal
